
Microsoft Visual Studio Solution File, Format Version 12.00
# Visual Studio 15
Project("{FAE04EC0-301F-11D3-BF4B-00C04F79EFBC}") = "Assembly-CSharp", "Assembly-CSharp.csproj", "{9089585F-1BC8-077D-E012-E657458878DB}"
EndProject
Project("{FAE04EC0-301F-11D3-BF4B-00C04F79EFBC}") = "Unity.2DPlatformer.Tutorials", "Unity.2DPlatformer.Tutorials.csproj", "{9892DC24-10C1-3DC1-2730-E52CFB3584C6}"
EndProject
Project("{FAE04EC0-301F-11D3-BF4B-00C04F79EFBC}") = "Unity.Platformer.Tutorials", "Unity.Platformer.Tutorials.csproj", "{2DA13304-01B6-DBF5-9E14-37CDB17E4676}"
EndProject
Project("{FAE04EC0-301F-11D3-BF4B-00C04F79EFBC}") = "Assembly-CSharp-Editor", "Assembly-CSharp-Editor.csproj", "{F69C294E-95EE-3614-F4AF-CFDCE7C02EF0}"
EndProject
Global
	GlobalSection(SolutionConfigurationPlatforms) = preSolution
		Debug|Any CPU = Debug|Any CPU
		Release|Any CPU = Release|Any CPU
	EndGlobalSection
	GlobalSection(ProjectConfigurationPlatforms) = postSolution
		{9089585F-1BC8-077D-E012-E657458878DB}.Debug|Any CPU.ActiveCfg = Debug|Any CPU
		{9089585F-1BC8-077D-E012-E657458878DB}.Debug|Any CPU.Build.0 = Debug|Any CPU
		{9089585F-1BC8-077D-E012-E657458878DB}.Release|Any CPU.ActiveCfg = Release|Any CPU
		{9089585F-1BC8-077D-E012-E657458878DB}.Release|Any CPU.Build.0 = Release|Any CPU
		{9892DC24-10C1-3DC1-2730-E52CFB3584C6}.Debug|Any CPU.ActiveCfg = Debug|Any CPU
		{9892DC24-10C1-3DC1-2730-E52CFB3584C6}.Debug|Any CPU.Build.0 = Debug|Any CPU
		{9892DC24-10C1-3DC1-2730-E52CFB3584C6}.Release|Any CPU.ActiveCfg = Release|Any CPU
		{9892DC24-10C1-3DC1-2730-E52CFB3584C6}.Release|Any CPU.Build.0 = Release|Any CPU
		{2DA13304-01B6-DBF5-9E14-37CDB17E4676}.Debug|Any CPU.ActiveCfg = Debug|Any CPU
		{2DA13304-01B6-DBF5-9E14-37CDB17E4676}.Debug|Any CPU.Build.0 = Debug|Any CPU
		{2DA13304-01B6-DBF5-9E14-37CDB17E4676}.Release|Any CPU.ActiveCfg = Release|Any CPU
		{2DA13304-01B6-DBF5-9E14-37CDB17E4676}.Release|Any CPU.Build.0 = Release|Any CPU
		{F69C294E-95EE-3614-F4AF-CFDCE7C02EF0}.Debug|Any CPU.ActiveCfg = Debug|Any CPU
		{F69C294E-95EE-3614-F4AF-CFDCE7C02EF0}.Debug|Any CPU.Build.0 = Debug|Any CPU
		{F69C294E-95EE-3614-F4AF-CFDCE7C02EF0}.Release|Any CPU.ActiveCfg = Release|Any CPU
		{F69C294E-95EE-3614-F4AF-CFDCE7C02EF0}.Release|Any CPU.Build.0 = Release|Any CPU
	EndGlobalSection
	GlobalSection(SolutionProperties) = preSolution
		HideSolutionNode = FALSE
	EndGlobalSection
EndGlobal
